// !$*UTF8*$!
{
	archiveVersion = 1;
	classes = {
	};
	objectVersion = 50;
	objects = {

/* Begin PBXBuildFile section */
		1678BF7526904FEA00C83FED /* AppDelegate.swift in Sources */ = {isa = PBXBuildFile; fileRef = 1678BF7426904FEA00C83FED /* AppDelegate.swift */; };
		1678BF7726904FEA00C83FED /* SceneDelegate.swift in Sources */ = {isa = PBXBuildFile; fileRef = 1678BF7626904FEA00C83FED /* SceneDelegate.swift */; };
		1678BF7926904FEA00C83FED /* ViewController.swift in Sources */ = {isa = PBXBuildFile; fileRef = 1678BF7826904FEA00C83FED /* ViewController.swift */; };
		1678BF7C26904FEA00C83FED /* Main.storyboard in Resources */ = {isa = PBXBuildFile; fileRef = 1678BF7A26904FEA00C83FED /* Main.storyboard */; };
		1678BF7E26904FED00C83FED /* Assets.xcassets in Resources */ = {isa = PBXBuildFile; fileRef = 1678BF7D26904FED00C83FED /* Assets.xcassets */; };
		1678BF8126904FED00C83FED /* LaunchScreen.storyboard in Resources */ = {isa = PBXBuildFile; fileRef = 1678BF7F26904FED00C83FED /* LaunchScreen.storyboard */; };
		1678BF8A2690575900C83FED /* Artist.swift in Sources */ = {isa = PBXBuildFile; fileRef = 1678BF892690575900C83FED /* Artist.swift */; };
		1678BF8C26905AF700C83FED /* Danser.swift in Sources */ = {isa = PBXBuildFile; fileRef = 1678BF8B26905AF700C83FED /* Danser.swift */; };
		1678BF8E26905D2200C83FED /* Singer.swift in Sources */ = {isa = PBXBuildFile; fileRef = 1678BF8D26905D2200C83FED /* Singer.swift */; };
		1678BF902690695F00C83FED /* Painter.swift in Sources */ = {isa = PBXBuildFile; fileRef = 1678BF8F2690695F00C83FED /* Painter.swift */; };
/* End PBXBuildFile section */

/* Begin PBXFileReference section */
		1678BF7126904FEA00C83FED /* DZ 7.app */ = {isa = PBXFileReference; explicitFileType = wrapper.application; includeInIndex = 0; path = "DZ 7.app"; sourceTree = BUILT_PRODUCTS_DIR; };
		1678BF7426904FEA00C83FED /* AppDelegate.swift */ = {isa = PBXFileReference; lastKnownFileType = sourcecode.swift; path = AppDelegate.swift; sourceTree = "<group>"; };
		1678BF7626904FEA00C83FED /* SceneDelegate.swift */ = {isa = PBXFileReference; lastKnownFileType = sourcecode.swift; path = SceneDelegate.swift; sourceTree = "<group>"; };
		1678BF7826904FEA00C83FED /* ViewController.swift */ = {isa = PBXFileReference; lastKnownFileType = sourcecode.swift; path = ViewController.swift; sourceTree = "<group>"; };
		1678BF7B26904FEA00C83FED /* Base */ = {isa = PBXFileReference; lastKnownFileType = file.storyboard; name = Base; path = Base.lproj/Main.storyboard; sourceTree = "<group>"; };
		1678BF7D26904FED00C83FED /* Assets.xcassets */ = {isa = PBXFileReference; lastKnownFileType = folder.assetcatalog; path = Assets.xcassets; sourceTree = "<group>"; };
		1678BF8026904FED00C83FED /* Base */ = {isa = PBXFileReference; lastKnownFileType = file.storyboard; name = Base; path = Base.lproj/LaunchScreen.storyboard; sourceTree = "<group>"; };
		1678BF8226904FED00C83FED /* Info.plist */ = {isa = PBXFileReference; lastKnownFileType = text.plist.xml; path = Info.plist; sourceTree = "<group>"; };
		1678BF892690575900C83FED /* Artist.swift */ = {isa = PBXFileReference; lastKnownFileType = sourcecode.swift; path = Artist.swift; sourceTree = "<group>"; };
		1678BF8B26905AF700C83FED /* Danser.swift */ = {isa = PBXFileReference; lastKnownFileType = sourcecode.swift; path = Danser.swift; sourceTree = "<group>"; };
		1678BF8D26905D2200C83FED /* Singer.swift */ = {isa = PBXFileReference; lastKnownFileType = sourcecode.swift; path = Singer.swift; sourceTree = "<group>"; };
		1678BF8F2690695F00C83FED /* Painter.swift */ = {isa = PBXFileReference; lastKnownFileType = sourcecode.swift; path = Painter.swift; sourceTree = "<group>"; };
/* End PBXFileReference section */

/* Begin PBXFrameworksBuildPhase section */
		1678BF6E26904FEA00C83FED /* Frameworks */ = {
			isa = PBXFrameworksBuildPhase;
			buildActionMask = 2147483647;
			files = (
			);
			runOnlyForDeploymentPostprocessing = 0;
		};
/* End PBXFrameworksBuildPhase section */

/* Begin PBXGroup section */
		1678BF6826904FEA00C83FED = {
			isa = PBXGroup;
			children = (
				1678BF7326904FEA00C83FED /* DZ 7 */,
				1678BF7226904FEA00C83FED /* Products */,
			);
			sourceTree = "<group>";
		};
		1678BF7226904FEA00C83FED /* Products */ = {
			isa = PBXGroup;
			children = (
				1678BF7126904FEA00C83FED /* DZ 7.app */,
			);
			name = Products;
			sourceTree = "<group>";
		};
		1678BF7326904FEA00C83FED /* DZ 7 */ = {
			isa = PBXGroup;
			children = (
				1678BF882690570300C83FED /* 7.1 */,
				1678BF7426904FEA00C83FED /* AppDelegate.swift */,
				1678BF7826904FEA00C83FED /* ViewController.swift */,
				1678BF7626904FEA00C83FED /* SceneDelegate.swift */,
				1678BF7A26904FEA00C83FED /* Main.storyboard */,
				1678BF7D26904FED00C83FED /* Assets.xcassets */,
				1678BF7F26904FED00C83FED /* LaunchScreen.storyboard */,
				1678BF8226904FED00C83FED /* Info.plist */,
			);
			path = "DZ 7";
			sourceTree = "<group>";
		};
		1678BF882690570300C83FED /* 7.1 */ = {
			isa = PBXGroup;
			children = (
				1678BF892690575900C83FED /* Artist.swift */,
				1678BF8B26905AF700C83FED /* Danser.swift */,
				1678BF8D26905D2200C83FED /* Singer.swift */,
				1678BF8F2690695F00C83FED /* Painter.swift */,
			);
			path = 7.1;
			sourceTree = "<group>";
		};
/* End PBXGroup section */

/* Begin PBXNativeTarget section */
		1678BF7026904FEA00C83FED /* DZ 7 */ = {
			isa = PBXNativeTarget;
			buildConfigurationList = 1678BF8526904FED00C83FED /* Build configuration list for PBXNativeTarget "DZ 7" */;
			buildPhases = (
				1678BF6D26904FEA00C83FED /* Sources */,
				1678BF6E26904FEA00C83FED /* Frameworks */,
				1678BF6F26904FEA00C83FED /* Resources */,
			);
			buildRules = (
			);
			dependencies = (
			);
			name = "DZ 7";
			productName = "DZ 7";
			productReference = 1678BF7126904FEA00C83FED /* DZ 7.app */;
			productType = "com.apple.product-type.application";
		};
/* End PBXNativeTarget section */

/* Begin PBXProject section */
		1678BF6926904FEA00C83FED /* Project object */ = {
			isa = PBXProject;
			attributes = {
				LastSwiftUpdateCheck = 1250;
				LastUpgradeCheck = 1250;
				TargetAttributes = {
					1678BF7026904FEA00C83FED = {
						CreatedOnToolsVersion = 12.5;
					};
				};
			};
			buildConfigurationList = 1678BF6C26904FEA00C83FED /* Build configuration list for PBXProject "DZ 7" */;
			compatibilityVersion = "Xcode 9.3";
			developmentRegion = en;
			hasScannedForEncodings = 0;
			knownRegions = (
				en,
				Base,
			);
			mainGroup = 1678BF6826904FEA00C83FED;
			productRefGroup = 1678BF7226904FEA00C83FED /* Products */;
			projectDirPath = "";
			projectRoot = "";
			targets = (
				1678BF7026904FEA00C83FED /* DZ 7 */,
			);
		};
/* End PBXProject section */

/* Begin PBXResourcesBuildPhase section */
		1678BF6F26904FEA00C83FED /* Resources */ = {
			isa = PBXResourcesBuildPhase;
			buildActionMask = 2147483647;
			files = (
				1678BF8126904FED00C83FED /* LaunchScreen.storyboard in Resources */,
				1678BF7E26904FED00C83FED /* Assets.xcassets in Resources */,
				1678BF7C26904FEA00C83FED /* Main.storyboard in Resources */,
			);
			runOnlyForDeploymentPostprocessing = 0;
		};
/* End PBXResourcesBuildPhase section */

/* Begin PBXSourcesBuildPhase section */
		1678BF6D26904FEA00C83FED /* Sources */ = {
			isa = PBXSourcesBuildPhase;
			buildActionMask = 2147483647;
			files = (
				1678BF7926904FEA00C83FED /* ViewController.swift in Sources */,
				1678BF8E26905D2200C83FED /* Singer.swift in Sources */,
				1678BF7526904FEA00C83FED /* AppDelegate.swift in Sources */,
				1678BF8A2690575900C83FED /* Artist.swift in Sources */,
				1678BF7726904FEA00C83FED /* SceneDelegate.swift in Sources */,
				1678BF902690695F00C83FED /* Painter.swift in Sources */,
				1678BF8C26905AF700C83FED /* Danser.swift in Sources */,
			);
			runOnlyForDeploymentPostprocessing = 0;
		};
/* End PBXSourcesBuildPhase section */

/* Begin PBXVariantGroup section */
		1678BF7A26904FEA00C83FED /* Main.storyboard */ = {
			isa = PBXVariantGroup;
			children = (
				1678BF7B26904FEA00C83FED /* Base */,
			);
			name = Main.storyboard;
			sourceTree = "<group>";
		};
		1678BF7F26904FED00C83FED /* LaunchScreen.storyboard */ = {
			isa = PBXVariantGroup;
			children = (
				1678BF8026904FED00C83FED /* Base */,
			);
			name = LaunchScreen.storyboard;
			sourceTree = "<group>";
		};
/* End PBXVariantGroup section */

/* Begin XCBuildConfiguration section */
		1678BF8326904FED00C83FED /* Debug */ = {
			isa = XCBuildConfiguration;
			buildSettings = {
				ALWAYS_SEARCH_USER_PATHS = NO;
				CLANG_ANALYZER_NONNULL = YES;
				CLANG_ANALYZER_NUMBER_OBJECT_CONVERSION = YES_AGGRESSIVE;
				CLANG_CXX_LANGUAGE_STANDARD = "gnu++14";
				CLANG_CXX_LIBRARY = "libc++";
				CLANG_ENABLE_MODULES = YES;
				CLANG_ENABLE_OBJC_ARC = YES;
				CLANG_ENABLE_OBJC_WEAK = YES;
				CLANG_WARN_BLOCK_CAPTURE_AUTORELEASING = YES;
				CLANG_WARN_BOOL_CONVERSION = YES;
				CLANG_WARN_COMMA = YES;
				CLANG_WARN_CONSTANT_CONVERSION = YES;
				CLANG_WARN_DEPRECATED_OBJC_IMPLEMENTATIONS = YES;
				CLANG_WARN_DIRECT_OBJC_ISA_USAGE = YES_ERROR;
				CLANG_WARN_DOCUMENTATION_COMMENTS = YES;
				CLANG_WARN_EMPTY_BODY = YES;
				CLANG_WARN_ENUM_CONVERSION = YES;
				CLANG_WARN_INFINITE_RECURSION = YES;
				CLANG_WARN_INT_CONVERSION = YES;
				CLANG_WARN_NON_LITERAL_NULL_CONVERSION = YES;
				CLANG_WARN_OBJC_IMPLICIT_RETAIN_SELF = YES;
				CLANG_WARN_OBJC_LITERAL_CONVERSION = YES;
				CLANG_WARN_OBJC_ROOT_CLASS = YES_ERROR;
				CLANG_WARN_QUOTED_INCLUDE_IN_FRAMEWORK_HEADER = YES;
				CLANG_WARN_RANGE_LOOP_ANALYSIS = YES;
				CLANG_WARN_STRICT_PROTOTYPES = YES;
				CLANG_WARN_SUSPICIOUS_MOVE = YES;
				CLANG_WARN_UNGUARDED_AVAILABILITY = YES_AGGRESSIVE;
				CLANG_WARN_UNREACHABLE_CODE = YES;
				CLANG_WARN__DUPLICATE_METHOD_MATCH = YES;
				COPY_PHASE_STRIP = NO;
				DEBUG_INFORMATION_FORMAT = dwarf;
				ENABLE_STRICT_OBJC_MSGSEND = YES;
				ENABLE_TESTABILITY = YES;
				GCC_C_LANGUAGE_STANDARD = gnu11;
				GCC_DYNAMIC_NO_PIC = NO;
				GCC_NO_COMMON_BLOCKS = YES;
				GCC_OPTIMIZATION_LEVEL = 0;
				GCC_PREPROCESSOR_DEFINITIONS = (
					"DEBUG=1",
					"$(inherited)",
				);
				GCC_WARN_64_TO_32_BIT_CONVERSION = YES;
				GCC_WARN_ABOUT_RETURN_TYPE = YES_ERROR;
				GCC_WARN_UNDECLARED_SELECTOR = YES;
				GCC_WARN_UNINITIALIZED_AUTOS = YES_AGGRESSIVE;
				GCC_WARN_UNUSED_FUNCTION = YES;
				GCC_WARN_UNUSED_VARIABLE = YES;
				IPHONEOS_DEPLOYMENT_TARGET = 14.5;
				MTL_ENABLE_DEBUG_INFO = INCLUDE_SOURCE;
				MTL_FAST_MATH = YES;
				ONLY_ACTIVE_ARCH = YES;
				SDKROOT = iphoneos;
				SWIFT_ACTIVE_COMPILATION_CONDITIONS = DEBUG;
				SWIFT_OPTIMIZATION_LEVEL = "-Onone";
			};
			name = Debug;
		};
		1678BF8426904FED00C83FED /* Release */ = {
			isa = XCBuildConfiguration;
			buildSettings = {
				ALWAYS_SEARCH_USER_PATHS = NO;
				CLANG_ANALYZER_NONNULL = YES;
				CLANG_ANALYZER_NUMBER_OBJECT_CONVERSION = YES_AGGRESSIVE;
				CLANG_CXX_LANGUAGE_STANDARD = "gnu++14";
				CLANG_CXX_LIBRARY = "libc++";
				CLANG_ENABLE_MODULES = YES;
				CLANG_ENABLE_OBJC_ARC = YES;
				CLANG_ENABLE_OBJC_WEAK = YES;
				CLANG_WARN_BLOCK_CAPTURE_AUTORELEASING = YES;
				CLANG_WARN_BOOL_CONVERSION = YES;
				CLANG_WARN_COMMA = YES;
				CLANG_WARN_CONSTANT_CONVERSION = YES;
				CLANG_WARN_DEPRECATED_OBJC_IMPLEMENTATIONS = YES;
				CLANG_WARN_DIRECT_OBJC_ISA_USAGE = YES_ERROR;
				CLANG_WARN_DOCUMENTATION_COMMENTS = YES;
				CLANG_WARN_EMPTY_BODY = YES;
				CLANG_WARN_ENUM_CONVERSION = YES;
				CLANG_WARN_INFINITE_RECURSION = YES;
				CLANG_WARN_INT_CONVERSION = YES;
				CLANG_WARN_NON_LITERAL_NULL_CONVERSION = YES;
				CLANG_WARN_OBJC_IMPLICIT_RETAIN_SELF = YES;
				CLANG_WARN_OBJC_LITERAL_CONVERSION = YES;
				CLANG_WARN_OBJC_ROOT_CLASS = YES_ERROR;
				CLANG_WARN_QUOTED_INCLUDE_IN_FRAMEWORK_HEADER = YES;
				CLANG_WARN_RANGE_LOOP_ANALYSIS = YES;
				CLANG_WARN_STRICT_PROTOTYPES = YES;
				CLANG_WARN_SUSPICIOUS_MOVE = YES;
				CLANG_WARN_UNGUARDED_AVAILABILITY = YES_AGGRESSIVE;
				CLANG_WARN_UNREACHABLE_CODE = YES;
				CLANG_WARN__DUPLICATE_METHOD_MATCH = YES;
				COPY_PHASE_STRIP = NO;
				DEBUG_INFORMATION_FORMAT = "dwarf-with-dsym";
				ENABLE_NS_ASSERTIONS = NO;
				ENABLE_STRICT_OBJC_MSGSEND = YES;
				GCC_C_LANGUAGE_STANDARD = gnu11;
				GCC_NO_COMMON_BLOCKS = YES;
				GCC_WARN_64_TO_32_BIT_CONVERSION = YES;
				GCC_WARN_ABOUT_RETURN_TYPE = YES_ERROR;
				GCC_WARN_UNDECLARED_SELECTOR = YES;
				GCC_WARN_UNINITIALIZED_AUTOS = YES_AGGRESSIVE;
				GCC_WARN_UNUSED_FUNCTION = YES;
				GCC_WARN_UNUSED_VARIABLE = YES;
				IPHONEOS_DEPLOYMENT_TARGET = 14.5;
				MTL_ENABLE_DEBUG_INFO = NO;
				MTL_FAST_MATH = YES;
				SDKROOT = iphoneos;
				SWIFT_COMPILATION_MODE = wholemodule;
				SWIFT_OPTIMIZATION_LEVEL = "-O";
				VALIDATE_PRODUCT = YES;
			};
			name = Release;
		};
		1678BF8626904FED00C83FED /* Debug */ = {
			isa = XCBuildConfiguration;
			buildSettings = {
				ASSETCATALOG_COMPILER_APPICON_NAME = AppIcon;
				ASSETCATALOG_COMPILER_GLOBAL_ACCENT_COLOR_NAME = AccentColor;
				CODE_SIGN_STYLE = Automatic;
				INFOPLIST_FILE = "DZ 7/Info.plist";
				LD_RUNPATH_SEARCH_PATHS = (
					"$(inherited)",
					"@executable_path/Frameworks",
				);
				PRODUCT_BUNDLE_IDENTIFIER = "com.yourcompany.DZ-7";
				PRODUCT_NAME = "$(TARGET_NAME)";
				SWIFT_VERSION = 5.0;
				TARGETED_DEVICE_FAMILY = "1,2";
			};
			name = Debug;
		};
		1678BF8726904FED00C83FED /* Release */ = {
			isa = XCBuildConfiguration;
			buildSettings = {
				ASSETCATALOG_COMPILER_APPICON_NAME = AppIcon;
				ASSETCATALOG_COMPILER_GLOBAL_ACCENT_COLOR_NAME = AccentColor;
				CODE_SIGN_STYLE = Automatic;
				INFOPLIST_FILE = "DZ 7/Info.plist";
				LD_RUNPATH_SEARCH_PATHS = (
					"$(inherited)",
					"@executable_path/Frameworks",
				);
				PRODUCT_BUNDLE_IDENTIFIER = "com.yourcompany.DZ-7";
				PRODUCT_NAME = "$(TARGET_NAME)";
				SWIFT_VERSION = 5.0;
				TARGETED_DEVICE_FAMILY = "1,2";
			};
			name = Release;
		};
/* End XCBuildConfiguration section */

/* Begin XCConfigurationList section */
		1678BF6C26904FEA00C83FED /* Build configuration list for PBXProject "DZ 7" */ = {
			isa = XCConfigurationList;
			buildConfigurations = (
				1678BF8326904FED00C83FED /* Debug */,
				1678BF8426904FED00C83FED /* Release */,
			);
			defaultConfigurationIsVisible = 0;
			defaultConfigurationName = Release;
		};
		1678BF8526904FED00C83FED /* Build configuration list for PBXNativeTarget "DZ 7" */ = {
			isa = XCConfigurationList;
			buildConfigurations = (
				1678BF8626904FED00C83FED /* Debug */,
				1678BF8726904FED00C83FED /* Release */,
			);
			defaultConfigurationIsVisible = 0;
			defaultConfigurationName = Release;
		};
/* End XCConfigurationList section */
	};
	rootObject = 1678BF6926904FEA00C83FED /* Project object */;
}
