// !$*UTF8*$!
{
	archiveVersion = 1;
	classes = {
	};
	objectVersion = 50;
	objects = {

/* Begin PBXBuildFile section */
		5E3D359B26BF099E008CD443 /* TableViewCell.swift in Sources */ = {isa = PBXBuildFile; fileRef = 5E3D359A26BF099E008CD443 /* TableViewCell.swift */; };
		5E3D359D26BF320E008CD443 /* Color.swift in Sources */ = {isa = PBXBuildFile; fileRef = 5E3D359C26BF320E008CD443 /* Color.swift */; };
		5E3D359F26C14BFE008CD443 /* StudentViewController.swift in Sources */ = {isa = PBXBuildFile; fileRef = 5E3D359E26C14BFE008CD443 /* StudentViewController.swift */; };
		5E3D35A126C14D0F008CD443 /* UIViewController + CoreKit.swift in Sources */ = {isa = PBXBuildFile; fileRef = 5E3D35A026C14D0F008CD443 /* UIViewController + CoreKit.swift */; };
		5E3D35A326C14E71008CD443 /* Student.swift in Sources */ = {isa = PBXBuildFile; fileRef = 5E3D35A226C14E71008CD443 /* Student.swift */; };
		5EDB0E6526C2FE0300B7291F /* StudentTableViewCell.swift in Sources */ = {isa = PBXBuildFile; fileRef = 5EDB0E6426C2FE0300B7291F /* StudentTableViewCell.swift */; };
		5EF74AC026B964A00046B197 /* AppDelegate.swift in Sources */ = {isa = PBXBuildFile; fileRef = 5EF74ABF26B964A00046B197 /* AppDelegate.swift */; };
		5EF74AC226B964A00046B197 /* SceneDelegate.swift in Sources */ = {isa = PBXBuildFile; fileRef = 5EF74AC126B964A00046B197 /* SceneDelegate.swift */; };
		5EF74AC426B964A00046B197 /* ViewController.swift in Sources */ = {isa = PBXBuildFile; fileRef = 5EF74AC326B964A00046B197 /* ViewController.swift */; };
		5EF74AC726B964A00046B197 /* Main.storyboard in Resources */ = {isa = PBXBuildFile; fileRef = 5EF74AC526B964A00046B197 /* Main.storyboard */; };
		5EF74AC926B964A00046B197 /* Assets.xcassets in Resources */ = {isa = PBXBuildFile; fileRef = 5EF74AC826B964A00046B197 /* Assets.xcassets */; };
		5EF74ACC26B964A00046B197 /* LaunchScreen.storyboard in Resources */ = {isa = PBXBuildFile; fileRef = 5EF74ACA26B964A00046B197 /* LaunchScreen.storyboard */; };
/* End PBXBuildFile section */

/* Begin PBXContainerItemProxy section */
		5EF74AD326B964A00046B197 /* PBXContainerItemProxy */ = {
			isa = PBXContainerItemProxy;
			containerPortal = 5EF74AB426B964A00046B197 /* Project object */;
			proxyType = 1;
			remoteGlobalIDString = 5EF74ABB26B964A00046B197;
			remoteInfo = "DZ 16 TableView";
		};
		5EF74ADE26B964A00046B197 /* PBXContainerItemProxy */ = {
			isa = PBXContainerItemProxy;
			containerPortal = 5EF74AB426B964A00046B197 /* Project object */;
			proxyType = 1;
			remoteGlobalIDString = 5EF74ABB26B964A00046B197;
			remoteInfo = "DZ 16 TableView";
		};
/* End PBXContainerItemProxy section */

/* Begin PBXFileReference section */
		5E3D359A26BF099E008CD443 /* TableViewCell.swift */ = {isa = PBXFileReference; lastKnownFileType = sourcecode.swift; path = TableViewCell.swift; sourceTree = "<group>"; };
		5E3D359C26BF320E008CD443 /* Color.swift */ = {isa = PBXFileReference; lastKnownFileType = sourcecode.swift; path = Color.swift; sourceTree = "<group>"; };
		5E3D359E26C14BFE008CD443 /* StudentViewController.swift */ = {isa = PBXFileReference; lastKnownFileType = sourcecode.swift; path = StudentViewController.swift; sourceTree = "<group>"; };
		5E3D35A026C14D0F008CD443 /* UIViewController + CoreKit.swift */ = {isa = PBXFileReference; lastKnownFileType = sourcecode.swift; path = "UIViewController + CoreKit.swift"; sourceTree = "<group>"; };
		5E3D35A226C14E71008CD443 /* Student.swift */ = {isa = PBXFileReference; lastKnownFileType = sourcecode.swift; path = Student.swift; sourceTree = "<group>"; };
		5EDB0E6126C2ECF400B7291F /* DZ 16 TableView.app */ = {isa = PBXFileReference; explicitFileType = wrapper.application; includeInIndex = 0; path = "DZ 16 TableView.app"; sourceTree = BUILT_PRODUCTS_DIR; };
		5EDB0E6226C2ECF400B7291F /* DZ 16 TableViewTests.xctest */ = {isa = PBXFileReference; explicitFileType = wrapper.cfbundle; includeInIndex = 0; name = "DZ 16 TableViewTests.xctest"; path = "/Users/evgenijganusenko/Desktop/TeachMeSkilsDZ/DZ 16 TableView/build/Debug-iphoneos/DZ 16 TableViewTests.xctest"; sourceTree = "<absolute>"; };
		5EDB0E6326C2ECF400B7291F /* DZ 16 TableViewUITests.xctest */ = {isa = PBXFileReference; explicitFileType = wrapper.cfbundle; includeInIndex = 0; name = "DZ 16 TableViewUITests.xctest"; path = "/Users/evgenijganusenko/Desktop/TeachMeSkilsDZ/DZ 16 TableView/build/Debug-iphoneos/DZ 16 TableViewUITests.xctest"; sourceTree = "<absolute>"; };
		5EDB0E6426C2FE0300B7291F /* StudentTableViewCell.swift */ = {isa = PBXFileReference; lastKnownFileType = sourcecode.swift; path = StudentTableViewCell.swift; sourceTree = "<group>"; };
		5EF74ABF26B964A00046B197 /* AppDelegate.swift */ = {isa = PBXFileReference; lastKnownFileType = sourcecode.swift; path = AppDelegate.swift; sourceTree = "<group>"; };
		5EF74AC126B964A00046B197 /* SceneDelegate.swift */ = {isa = PBXFileReference; lastKnownFileType = sourcecode.swift; path = SceneDelegate.swift; sourceTree = "<group>"; };
		5EF74AC326B964A00046B197 /* ViewController.swift */ = {isa = PBXFileReference; lastKnownFileType = sourcecode.swift; path = ViewController.swift; sourceTree = "<group>"; };
		5EF74AC626B964A00046B197 /* Base */ = {isa = PBXFileReference; lastKnownFileType = file.storyboard; name = Base; path = Base.lproj/Main.storyboard; sourceTree = "<group>"; };
		5EF74AC826B964A00046B197 /* Assets.xcassets */ = {isa = PBXFileReference; lastKnownFileType = folder.assetcatalog; path = Assets.xcassets; sourceTree = "<group>"; };
		5EF74ACB26B964A00046B197 /* Base */ = {isa = PBXFileReference; lastKnownFileType = file.storyboard; name = Base; path = Base.lproj/LaunchScreen.storyboard; sourceTree = "<group>"; };
		5EF74ACD26B964A00046B197 /* Info.plist */ = {isa = PBXFileReference; lastKnownFileType = text.plist.xml; path = Info.plist; sourceTree = "<group>"; };
/* End PBXFileReference section */

/* Begin PBXFrameworksBuildPhase section */
		5EF74AB926B964A00046B197 /* Frameworks */ = {
			isa = PBXFrameworksBuildPhase;
			buildActionMask = 2147483647;
			files = (
			);
			runOnlyForDeploymentPostprocessing = 0;
		};
		5EF74ACF26B964A00046B197 /* Frameworks */ = {
			isa = PBXFrameworksBuildPhase;
			buildActionMask = 2147483647;
			files = (
			);
			runOnlyForDeploymentPostprocessing = 0;
		};
		5EF74ADA26B964A00046B197 /* Frameworks */ = {
			isa = PBXFrameworksBuildPhase;
			buildActionMask = 2147483647;
			files = (
			);
			runOnlyForDeploymentPostprocessing = 0;
		};
/* End PBXFrameworksBuildPhase section */

/* Begin PBXGroup section */
		5E3D359526BEF893008CD443 /* Extensions */ = {
			isa = PBXGroup;
			children = (
				5E3D35A026C14D0F008CD443 /* UIViewController + CoreKit.swift */,
			);
			path = Extensions;
			sourceTree = "<group>";
		};
		5E3D359826BF04AF008CD443 /* Cells */ = {
			isa = PBXGroup;
			children = (
				5E3D359926BF04D6008CD443 /* TableViewCells */,
			);
			path = Cells;
			sourceTree = "<group>";
		};
		5E3D359926BF04D6008CD443 /* TableViewCells */ = {
			isa = PBXGroup;
			children = (
				5E3D359A26BF099E008CD443 /* TableViewCell.swift */,
				5EDB0E6426C2FE0300B7291F /* StudentTableViewCell.swift */,
			);
			path = TableViewCells;
			sourceTree = "<group>";
		};
		5EF74AB326B964A00046B197 = {
			isa = PBXGroup;
			children = (
				5EF74ABE26B964A00046B197 /* DZ 16 TableView */,
				5EDB0E6126C2ECF400B7291F /* DZ 16 TableView.app */,
			);
			sourceTree = "<group>";
		};
		5EF74ABE26B964A00046B197 /* DZ 16 TableView */ = {
			isa = PBXGroup;
			children = (
				5E3D359826BF04AF008CD443 /* Cells */,
				5E3D359526BEF893008CD443 /* Extensions */,
				5EF74ABF26B964A00046B197 /* AppDelegate.swift */,
				5E3D359C26BF320E008CD443 /* Color.swift */,
				5E3D35A226C14E71008CD443 /* Student.swift */,
				5EF74AC126B964A00046B197 /* SceneDelegate.swift */,
				5EF74AC326B964A00046B197 /* ViewController.swift */,
				5E3D359E26C14BFE008CD443 /* StudentViewController.swift */,
				5EF74AC526B964A00046B197 /* Main.storyboard */,
				5EF74AC826B964A00046B197 /* Assets.xcassets */,
				5EF74ACA26B964A00046B197 /* LaunchScreen.storyboard */,
				5EF74ACD26B964A00046B197 /* Info.plist */,
			);
			path = "DZ 16 TableView";
			sourceTree = "<group>";
		};
/* End PBXGroup section */

/* Begin PBXNativeTarget section */
		5EF74ABB26B964A00046B197 /* DZ 16 TableView */ = {
			isa = PBXNativeTarget;
			buildConfigurationList = 5EF74AE626B964A00046B197 /* Build configuration list for PBXNativeTarget "DZ 16 TableView" */;
			buildPhases = (
				5EF74AB826B964A00046B197 /* Sources */,
				5EF74AB926B964A00046B197 /* Frameworks */,
				5EF74ABA26B964A00046B197 /* Resources */,
			);
			buildRules = (
			);
			dependencies = (
			);
			name = "DZ 16 TableView";
			productName = "DZ 16 TableView";
			productReference = 5EDB0E6126C2ECF400B7291F /* DZ 16 TableView.app */;
			productType = "com.apple.product-type.application";
		};
		5EF74AD126B964A00046B197 /* DZ 16 TableViewTests */ = {
			isa = PBXNativeTarget;
			buildConfigurationList = 5EF74AE926B964A00046B197 /* Build configuration list for PBXNativeTarget "DZ 16 TableViewTests" */;
			buildPhases = (
				5EF74ACE26B964A00046B197 /* Sources */,
				5EF74ACF26B964A00046B197 /* Frameworks */,
				5EF74AD026B964A00046B197 /* Resources */,
			);
			buildRules = (
			);
			dependencies = (
				5EF74AD426B964A00046B197 /* PBXTargetDependency */,
			);
			name = "DZ 16 TableViewTests";
			productName = "DZ 16 TableViewTests";
			productReference = 5EDB0E6226C2ECF400B7291F /* DZ 16 TableViewTests.xctest */;
			productType = "com.apple.product-type.bundle.unit-test";
		};
		5EF74ADC26B964A00046B197 /* DZ 16 TableViewUITests */ = {
			isa = PBXNativeTarget;
			buildConfigurationList = 5EF74AEC26B964A00046B197 /* Build configuration list for PBXNativeTarget "DZ 16 TableViewUITests" */;
			buildPhases = (
				5EF74AD926B964A00046B197 /* Sources */,
				5EF74ADA26B964A00046B197 /* Frameworks */,
				5EF74ADB26B964A00046B197 /* Resources */,
			);
			buildRules = (
			);
			dependencies = (
				5EF74ADF26B964A00046B197 /* PBXTargetDependency */,
			);
			name = "DZ 16 TableViewUITests";
			productName = "DZ 16 TableViewUITests";
			productReference = 5EDB0E6326C2ECF400B7291F /* DZ 16 TableViewUITests.xctest */;
			productType = "com.apple.product-type.bundle.ui-testing";
		};
/* End PBXNativeTarget section */

/* Begin PBXProject section */
		5EF74AB426B964A00046B197 /* Project object */ = {
			isa = PBXProject;
			attributes = {
				LastSwiftUpdateCheck = 1250;
				LastUpgradeCheck = 1250;
				TargetAttributes = {
					5EF74ABB26B964A00046B197 = {
						CreatedOnToolsVersion = 12.5.1;
					};
					5EF74AD126B964A00046B197 = {
						CreatedOnToolsVersion = 12.5.1;
						TestTargetID = 5EF74ABB26B964A00046B197;
					};
					5EF74ADC26B964A00046B197 = {
						CreatedOnToolsVersion = 12.5.1;
						TestTargetID = 5EF74ABB26B964A00046B197;
					};
				};
			};
			buildConfigurationList = 5EF74AB726B964A00046B197 /* Build configuration list for PBXProject "DZ 16 TableView" */;
			compatibilityVersion = "Xcode 9.3";
			developmentRegion = en;
			hasScannedForEncodings = 0;
			knownRegions = (
				en,
				Base,
			);
			mainGroup = 5EF74AB326B964A00046B197;
			productRefGroup = 5EF74AB326B964A00046B197;
			projectDirPath = "";
			projectRoot = "";
			targets = (
				5EF74ABB26B964A00046B197 /* DZ 16 TableView */,
				5EF74AD126B964A00046B197 /* DZ 16 TableViewTests */,
				5EF74ADC26B964A00046B197 /* DZ 16 TableViewUITests */,
			);
		};
/* End PBXProject section */

/* Begin PBXResourcesBuildPhase section */
		5EF74ABA26B964A00046B197 /* Resources */ = {
			isa = PBXResourcesBuildPhase;
			buildActionMask = 2147483647;
			files = (
				5EF74ACC26B964A00046B197 /* LaunchScreen.storyboard in Resources */,
				5EF74AC926B964A00046B197 /* Assets.xcassets in Resources */,
				5EF74AC726B964A00046B197 /* Main.storyboard in Resources */,
			);
			runOnlyForDeploymentPostprocessing = 0;
		};
		5EF74AD026B964A00046B197 /* Resources */ = {
			isa = PBXResourcesBuildPhase;
			buildActionMask = 2147483647;
			files = (
			);
			runOnlyForDeploymentPostprocessing = 0;
		};
		5EF74ADB26B964A00046B197 /* Resources */ = {
			isa = PBXResourcesBuildPhase;
			buildActionMask = 2147483647;
			files = (
			);
			runOnlyForDeploymentPostprocessing = 0;
		};
/* End PBXResourcesBuildPhase section */

/* Begin PBXSourcesBuildPhase section */
		5EF74AB826B964A00046B197 /* Sources */ = {
			isa = PBXSourcesBuildPhase;
			buildActionMask = 2147483647;
			files = (
				5E3D359F26C14BFE008CD443 /* StudentViewController.swift in Sources */,
				5E3D359B26BF099E008CD443 /* TableViewCell.swift in Sources */,
				5E3D35A126C14D0F008CD443 /* UIViewController + CoreKit.swift in Sources */,
				5EF74AC426B964A00046B197 /* ViewController.swift in Sources */,
				5EF74AC026B964A00046B197 /* AppDelegate.swift in Sources */,
				5EDB0E6526C2FE0300B7291F /* StudentTableViewCell.swift in Sources */,
				5EF74AC226B964A00046B197 /* SceneDelegate.swift in Sources */,
				5E3D359D26BF320E008CD443 /* Color.swift in Sources */,
				5E3D35A326C14E71008CD443 /* Student.swift in Sources */,
			);
			runOnlyForDeploymentPostprocessing = 0;
		};
		5EF74ACE26B964A00046B197 /* Sources */ = {
			isa = PBXSourcesBuildPhase;
			buildActionMask = 2147483647;
			files = (
			);
			runOnlyForDeploymentPostprocessing = 0;
		};
		5EF74AD926B964A00046B197 /* Sources */ = {
			isa = PBXSourcesBuildPhase;
			buildActionMask = 2147483647;
			files = (
			);
			runOnlyForDeploymentPostprocessing = 0;
		};
/* End PBXSourcesBuildPhase section */

/* Begin PBXTargetDependency section */
		5EF74AD426B964A00046B197 /* PBXTargetDependency */ = {
			isa = PBXTargetDependency;
			target = 5EF74ABB26B964A00046B197 /* DZ 16 TableView */;
			targetProxy = 5EF74AD326B964A00046B197 /* PBXContainerItemProxy */;
		};
		5EF74ADF26B964A00046B197 /* PBXTargetDependency */ = {
			isa = PBXTargetDependency;
			target = 5EF74ABB26B964A00046B197 /* DZ 16 TableView */;
			targetProxy = 5EF74ADE26B964A00046B197 /* PBXContainerItemProxy */;
		};
/* End PBXTargetDependency section */

/* Begin PBXVariantGroup section */
		5EF74AC526B964A00046B197 /* Main.storyboard */ = {
			isa = PBXVariantGroup;
			children = (
				5EF74AC626B964A00046B197 /* Base */,
			);
			name = Main.storyboard;
			sourceTree = "<group>";
		};
		5EF74ACA26B964A00046B197 /* LaunchScreen.storyboard */ = {
			isa = PBXVariantGroup;
			children = (
				5EF74ACB26B964A00046B197 /* Base */,
			);
			name = LaunchScreen.storyboard;
			sourceTree = "<group>";
		};
/* End PBXVariantGroup section */

/* Begin XCBuildConfiguration section */
		5EF74AE426B964A00046B197 /* Debug */ = {
			isa = XCBuildConfiguration;
			buildSettings = {
				ALWAYS_SEARCH_USER_PATHS = NO;
				CLANG_ANALYZER_NONNULL = YES;
				CLANG_ANALYZER_NUMBER_OBJECT_CONVERSION = YES_AGGRESSIVE;
				CLANG_CXX_LANGUAGE_STANDARD = "gnu++14";
				CLANG_CXX_LIBRARY = "libc++";
				CLANG_ENABLE_MODULES = YES;
				CLANG_ENABLE_OBJC_ARC = YES;
				CLANG_ENABLE_OBJC_WEAK = YES;
				CLANG_WARN_BLOCK_CAPTURE_AUTORELEASING = YES;
				CLANG_WARN_BOOL_CONVERSION = YES;
				CLANG_WARN_COMMA = YES;
				CLANG_WARN_CONSTANT_CONVERSION = YES;
				CLANG_WARN_DEPRECATED_OBJC_IMPLEMENTATIONS = YES;
				CLANG_WARN_DIRECT_OBJC_ISA_USAGE = YES_ERROR;
				CLANG_WARN_DOCUMENTATION_COMMENTS = YES;
				CLANG_WARN_EMPTY_BODY = YES;
				CLANG_WARN_ENUM_CONVERSION = YES;
				CLANG_WARN_INFINITE_RECURSION = YES;
				CLANG_WARN_INT_CONVERSION = YES;
				CLANG_WARN_NON_LITERAL_NULL_CONVERSION = YES;
				CLANG_WARN_OBJC_IMPLICIT_RETAIN_SELF = YES;
				CLANG_WARN_OBJC_LITERAL_CONVERSION = YES;
				CLANG_WARN_OBJC_ROOT_CLASS = YES_ERROR;
				CLANG_WARN_QUOTED_INCLUDE_IN_FRAMEWORK_HEADER = YES;
				CLANG_WARN_RANGE_LOOP_ANALYSIS = YES;
				CLANG_WARN_STRICT_PROTOTYPES = YES;
				CLANG_WARN_SUSPICIOUS_MOVE = YES;
				CLANG_WARN_UNGUARDED_AVAILABILITY = YES_AGGRESSIVE;
				CLANG_WARN_UNREACHABLE_CODE = YES;
				CLANG_WARN__DUPLICATE_METHOD_MATCH = YES;
				COPY_PHASE_STRIP = NO;
				DEBUG_INFORMATION_FORMAT = dwarf;
				ENABLE_STRICT_OBJC_MSGSEND = YES;
				ENABLE_TESTABILITY = YES;
				GCC_C_LANGUAGE_STANDARD = gnu11;
				GCC_DYNAMIC_NO_PIC = NO;
				GCC_NO_COMMON_BLOCKS = YES;
				GCC_OPTIMIZATION_LEVEL = 0;
				GCC_PREPROCESSOR_DEFINITIONS = (
					"DEBUG=1",
					"$(inherited)",
				);
				GCC_WARN_64_TO_32_BIT_CONVERSION = YES;
				GCC_WARN_ABOUT_RETURN_TYPE = YES_ERROR;
				GCC_WARN_UNDECLARED_SELECTOR = YES;
				GCC_WARN_UNINITIALIZED_AUTOS = YES_AGGRESSIVE;
				GCC_WARN_UNUSED_FUNCTION = YES;
				GCC_WARN_UNUSED_VARIABLE = YES;
				IPHONEOS_DEPLOYMENT_TARGET = 14.5;
				MTL_ENABLE_DEBUG_INFO = INCLUDE_SOURCE;
				MTL_FAST_MATH = YES;
				ONLY_ACTIVE_ARCH = YES;
				SDKROOT = iphoneos;
				SWIFT_ACTIVE_COMPILATION_CONDITIONS = DEBUG;
				SWIFT_OPTIMIZATION_LEVEL = "-Onone";
			};
			name = Debug;
		};
		5EF74AE526B964A00046B197 /* Release */ = {
			isa = XCBuildConfiguration;
			buildSettings = {
				ALWAYS_SEARCH_USER_PATHS = NO;
				CLANG_ANALYZER_NONNULL = YES;
				CLANG_ANALYZER_NUMBER_OBJECT_CONVERSION = YES_AGGRESSIVE;
				CLANG_CXX_LANGUAGE_STANDARD = "gnu++14";
				CLANG_CXX_LIBRARY = "libc++";
				CLANG_ENABLE_MODULES = YES;
				CLANG_ENABLE_OBJC_ARC = YES;
				CLANG_ENABLE_OBJC_WEAK = YES;
				CLANG_WARN_BLOCK_CAPTURE_AUTORELEASING = YES;
				CLANG_WARN_BOOL_CONVERSION = YES;
				CLANG_WARN_COMMA = YES;
				CLANG_WARN_CONSTANT_CONVERSION = YES;
				CLANG_WARN_DEPRECATED_OBJC_IMPLEMENTATIONS = YES;
				CLANG_WARN_DIRECT_OBJC_ISA_USAGE = YES_ERROR;
				CLANG_WARN_DOCUMENTATION_COMMENTS = YES;
				CLANG_WARN_EMPTY_BODY = YES;
				CLANG_WARN_ENUM_CONVERSION = YES;
				CLANG_WARN_INFINITE_RECURSION = YES;
				CLANG_WARN_INT_CONVERSION = YES;
				CLANG_WARN_NON_LITERAL_NULL_CONVERSION = YES;
				CLANG_WARN_OBJC_IMPLICIT_RETAIN_SELF = YES;
				CLANG_WARN_OBJC_LITERAL_CONVERSION = YES;
				CLANG_WARN_OBJC_ROOT_CLASS = YES_ERROR;
				CLANG_WARN_QUOTED_INCLUDE_IN_FRAMEWORK_HEADER = YES;
				CLANG_WARN_RANGE_LOOP_ANALYSIS = YES;
				CLANG_WARN_STRICT_PROTOTYPES = YES;
				CLANG_WARN_SUSPICIOUS_MOVE = YES;
				CLANG_WARN_UNGUARDED_AVAILABILITY = YES_AGGRESSIVE;
				CLANG_WARN_UNREACHABLE_CODE = YES;
				CLANG_WARN__DUPLICATE_METHOD_MATCH = YES;
				COPY_PHASE_STRIP = NO;
				DEBUG_INFORMATION_FORMAT = "dwarf-with-dsym";
				ENABLE_NS_ASSERTIONS = NO;
				ENABLE_STRICT_OBJC_MSGSEND = YES;
				GCC_C_LANGUAGE_STANDARD = gnu11;
				GCC_NO_COMMON_BLOCKS = YES;
				GCC_WARN_64_TO_32_BIT_CONVERSION = YES;
				GCC_WARN_ABOUT_RETURN_TYPE = YES_ERROR;
				GCC_WARN_UNDECLARED_SELECTOR = YES;
				GCC_WARN_UNINITIALIZED_AUTOS = YES_AGGRESSIVE;
				GCC_WARN_UNUSED_FUNCTION = YES;
				GCC_WARN_UNUSED_VARIABLE = YES;
				IPHONEOS_DEPLOYMENT_TARGET = 14.5;
				MTL_ENABLE_DEBUG_INFO = NO;
				MTL_FAST_MATH = YES;
				SDKROOT = iphoneos;
				SWIFT_COMPILATION_MODE = wholemodule;
				SWIFT_OPTIMIZATION_LEVEL = "-O";
				VALIDATE_PRODUCT = YES;
			};
			name = Release;
		};
		5EF74AE726B964A00046B197 /* Debug */ = {
			isa = XCBuildConfiguration;
			buildSettings = {
				ASSETCATALOG_COMPILER_APPICON_NAME = AppIcon;
				ASSETCATALOG_COMPILER_GLOBAL_ACCENT_COLOR_NAME = AccentColor;
				CODE_SIGN_STYLE = Automatic;
				INFOPLIST_FILE = "DZ 16 TableView/Info.plist";
				LD_RUNPATH_SEARCH_PATHS = (
					"$(inherited)",
					"@executable_path/Frameworks",
				);
				PRODUCT_BUNDLE_IDENTIFIER = "evgenyganusenko.DZ-16-TableView";
				PRODUCT_NAME = "$(TARGET_NAME)";
				SWIFT_VERSION = 5.0;
				TARGETED_DEVICE_FAMILY = "1,2";
			};
			name = Debug;
		};
		5EF74AE826B964A00046B197 /* Release */ = {
			isa = XCBuildConfiguration;
			buildSettings = {
				ASSETCATALOG_COMPILER_APPICON_NAME = AppIcon;
				ASSETCATALOG_COMPILER_GLOBAL_ACCENT_COLOR_NAME = AccentColor;
				CODE_SIGN_STYLE = Automatic;
				INFOPLIST_FILE = "DZ 16 TableView/Info.plist";
				LD_RUNPATH_SEARCH_PATHS = (
					"$(inherited)",
					"@executable_path/Frameworks",
				);
				PRODUCT_BUNDLE_IDENTIFIER = "evgenyganusenko.DZ-16-TableView";
				PRODUCT_NAME = "$(TARGET_NAME)";
				SWIFT_VERSION = 5.0;
				TARGETED_DEVICE_FAMILY = "1,2";
			};
			name = Release;
		};
		5EF74AEA26B964A00046B197 /* Debug */ = {
			isa = XCBuildConfiguration;
			buildSettings = {
				ALWAYS_EMBED_SWIFT_STANDARD_LIBRARIES = YES;
				BUNDLE_LOADER = "$(TEST_HOST)";
				CODE_SIGN_STYLE = Automatic;
				INFOPLIST_FILE = "DZ 16 TableViewTests/Info.plist";
				IPHONEOS_DEPLOYMENT_TARGET = 14.5;
				LD_RUNPATH_SEARCH_PATHS = (
					"$(inherited)",
					"@executable_path/Frameworks",
					"@loader_path/Frameworks",
				);
				PRODUCT_BUNDLE_IDENTIFIER = "evgenyganusenko.DZ-16-TableViewTests";
				PRODUCT_NAME = "$(TARGET_NAME)";
				SWIFT_VERSION = 5.0;
				TARGETED_DEVICE_FAMILY = "1,2";
				TEST_HOST = "$(BUILT_PRODUCTS_DIR)/DZ 16 TableView.app/DZ 16 TableView";
			};
			name = Debug;
		};
		5EF74AEB26B964A00046B197 /* Release */ = {
			isa = XCBuildConfiguration;
			buildSettings = {
				ALWAYS_EMBED_SWIFT_STANDARD_LIBRARIES = YES;
				BUNDLE_LOADER = "$(TEST_HOST)";
				CODE_SIGN_STYLE = Automatic;
				INFOPLIST_FILE = "DZ 16 TableViewTests/Info.plist";
				IPHONEOS_DEPLOYMENT_TARGET = 14.5;
				LD_RUNPATH_SEARCH_PATHS = (
					"$(inherited)",
					"@executable_path/Frameworks",
					"@loader_path/Frameworks",
				);
				PRODUCT_BUNDLE_IDENTIFIER = "evgenyganusenko.DZ-16-TableViewTests";
				PRODUCT_NAME = "$(TARGET_NAME)";
				SWIFT_VERSION = 5.0;
				TARGETED_DEVICE_FAMILY = "1,2";
				TEST_HOST = "$(BUILT_PRODUCTS_DIR)/DZ 16 TableView.app/DZ 16 TableView";
			};
			name = Release;
		};
		5EF74AED26B964A00046B197 /* Debug */ = {
			isa = XCBuildConfiguration;
			buildSettings = {
				ALWAYS_EMBED_SWIFT_STANDARD_LIBRARIES = YES;
				CODE_SIGN_STYLE = Automatic;
				INFOPLIST_FILE = "DZ 16 TableViewUITests/Info.plist";
				LD_RUNPATH_SEARCH_PATHS = (
					"$(inherited)",
					"@executable_path/Frameworks",
					"@loader_path/Frameworks",
				);
				PRODUCT_BUNDLE_IDENTIFIER = "evgenyganusenko.DZ-16-TableViewUITests";
				PRODUCT_NAME = "$(TARGET_NAME)";
				SWIFT_VERSION = 5.0;
				TARGETED_DEVICE_FAMILY = "1,2";
				TEST_TARGET_NAME = "DZ 16 TableView";
			};
			name = Debug;
		};
		5EF74AEE26B964A00046B197 /* Release */ = {
			isa = XCBuildConfiguration;
			buildSettings = {
				ALWAYS_EMBED_SWIFT_STANDARD_LIBRARIES = YES;
				CODE_SIGN_STYLE = Automatic;
				INFOPLIST_FILE = "DZ 16 TableViewUITests/Info.plist";
				LD_RUNPATH_SEARCH_PATHS = (
					"$(inherited)",
					"@executable_path/Frameworks",
					"@loader_path/Frameworks",
				);
				PRODUCT_BUNDLE_IDENTIFIER = "evgenyganusenko.DZ-16-TableViewUITests";
				PRODUCT_NAME = "$(TARGET_NAME)";
				SWIFT_VERSION = 5.0;
				TARGETED_DEVICE_FAMILY = "1,2";
				TEST_TARGET_NAME = "DZ 16 TableView";
			};
			name = Release;
		};
/* End XCBuildConfiguration section */

/* Begin XCConfigurationList section */
		5EF74AB726B964A00046B197 /* Build configuration list for PBXProject "DZ 16 TableView" */ = {
			isa = XCConfigurationList;
			buildConfigurations = (
				5EF74AE426B964A00046B197 /* Debug */,
				5EF74AE526B964A00046B197 /* Release */,
			);
			defaultConfigurationIsVisible = 0;
			defaultConfigurationName = Release;
		};
		5EF74AE626B964A00046B197 /* Build configuration list for PBXNativeTarget "DZ 16 TableView" */ = {
			isa = XCConfigurationList;
			buildConfigurations = (
				5EF74AE726B964A00046B197 /* Debug */,
				5EF74AE826B964A00046B197 /* Release */,
			);
			defaultConfigurationIsVisible = 0;
			defaultConfigurationName = Release;
		};
		5EF74AE926B964A00046B197 /* Build configuration list for PBXNativeTarget "DZ 16 TableViewTests" */ = {
			isa = XCConfigurationList;
			buildConfigurations = (
				5EF74AEA26B964A00046B197 /* Debug */,
				5EF74AEB26B964A00046B197 /* Release */,
			);
			defaultConfigurationIsVisible = 0;
			defaultConfigurationName = Release;
		};
		5EF74AEC26B964A00046B197 /* Build configuration list for PBXNativeTarget "DZ 16 TableViewUITests" */ = {
			isa = XCConfigurationList;
			buildConfigurations = (
				5EF74AED26B964A00046B197 /* Debug */,
				5EF74AEE26B964A00046B197 /* Release */,
			);
			defaultConfigurationIsVisible = 0;
			defaultConfigurationName = Release;
		};
/* End XCConfigurationList section */
	};
	rootObject = 5EF74AB426B964A00046B197 /* Project object */;
}
